# THIS IS AN AUTOGENERATED FILE. DO NOT EDIT THIS FILE DIRECTLY.
# yarn lockfile v1


"@aws-crypto/crc32@3.0.0":
  version "3.0.0"
  resolved "https://registry.yarnpkg.com/@aws-crypto/crc32/-/crc32-3.0.0.tgz#07300eca214409c33e3ff769cd5697b57fdd38fa"
  integrity sha512-IzSgsrxUcsrejQbPVilIKy16kAT52EwB6zSaI+M3xxIhKh5+aldEyvI+z6erM7TCLB2BJsFrtHjp6/4/sr+3dA==
  dependencies:
    "@aws-crypto/util" "^3.0.0"
    "@aws-sdk/types" "^3.222.0"
    tslib "^1.11.1"

"@aws-crypto/ie11-detection@^3.0.0":
  version "3.0.0"
  resolved "https://registry.yarnpkg.com/@aws-crypto/ie11-detection/-/ie11-detection-3.0.0.tgz#640ae66b4ec3395cee6a8e94ebcd9f80c24cd688"
  integrity sha512-341lBBkiY1DfDNKai/wXM3aujNBkXR7tq1URPQDL9wi3AUbI80NR74uF1TXHMm7po1AcnFk8iu2S2IeU/+/A+Q==
  dependencies:
    tslib "^1.11.1"

"@aws-crypto/sha256-browser@3.0.0":
  version "3.0.0"
  resolved "https://registry.yarnpkg.com/@aws-crypto/sha256-browser/-/sha256-browser-3.0.0.tgz#05f160138ab893f1c6ba5be57cfd108f05827766"
  integrity sha512-8VLmW2B+gjFbU5uMeqtQM6Nj0/F1bro80xQXCW6CQBWgosFWXTx77aeOF5CAIAmbOK64SdMBJdNr6J41yP5mvQ==
  dependencies:
    "@aws-crypto/ie11-detection" "^3.0.0"
    "@aws-crypto/sha256-js" "^3.0.0"
    "@aws-crypto/supports-web-crypto" "^3.0.0"
    "@aws-crypto/util" "^3.0.0"
    "@aws-sdk/types" "^3.222.0"
    "@aws-sdk/util-locate-window" "^3.0.0"
    "@aws-sdk/util-utf8-browser" "^3.0.0"
    tslib "^1.11.1"

"@aws-crypto/sha256-js@3.0.0", "@aws-crypto/sha256-js@^3.0.0":
  version "3.0.0"
  resolved "https://registry.yarnpkg.com/@aws-crypto/sha256-js/-/sha256-js-3.0.0.tgz#f06b84d550d25521e60d2a0e2a90139341e007c2"
  integrity sha512-PnNN7os0+yd1XvXAy23CFOmTbMaDxgxXtTKHybrJ39Y8kGzBATgBFibWJKH6BhytLI/Zyszs87xCOBNyBig6vQ==
  dependencies:
    "@aws-crypto/util" "^3.0.0"
    "@aws-sdk/types" "^3.222.0"
    tslib "^1.11.1"

"@aws-crypto/supports-web-crypto@^3.0.0":
  version "3.0.0"
  resolved "https://registry.yarnpkg.com/@aws-crypto/supports-web-crypto/-/supports-web-crypto-3.0.0.tgz#5d1bf825afa8072af2717c3e455f35cda0103ec2"
  integrity sha512-06hBdMwUAb2WFTuGG73LSC0wfPu93xWwo5vL2et9eymgmu3Id5vFAHBbajVWiGhPO37qcsdCap/FqXvJGJWPIg==
  dependencies:
    tslib "^1.11.1"

"@aws-crypto/util@^3.0.0":
  version "3.0.0"
  resolved "https://registry.yarnpkg.com/@aws-crypto/util/-/util-3.0.0.tgz#1c7ca90c29293f0883468ad48117937f0fe5bfb0"
  integrity sha512-2OJlpeJpCR48CC8r+uKVChzs9Iungj9wkZrl8Z041DWEWvyIHILYKCPNzJghKsivj+S3mLo6BVc7mBNzdxA46w==
  dependencies:
    "@aws-sdk/types" "^3.222.0"
    "@aws-sdk/util-utf8-browser" "^3.0.0"
    tslib "^1.11.1"

"@aws-sdk/abort-controller@3.347.0":
  version "3.347.0"
  resolved "https://registry.yarnpkg.com/@aws-sdk/abort-controller/-/abort-controller-3.347.0.tgz#8f1dc9f7e2030b3eabe2f05722d3d99e783e295f"
  integrity sha512-P/2qE6ntYEmYG4Ez535nJWZbXqgbkJx8CMz7ChEuEg3Gp3dvVYEKg+iEUEvlqQ2U5dWP5J3ehw5po9t86IsVPQ==
  dependencies:
    "@aws-sdk/types" "3.347.0"
    tslib "^2.5.0"

"@aws-sdk/client-cognito-identity-provider@^3.352.0":
  version "3.352.0"
  resolved "https://registry.yarnpkg.com/@aws-sdk/client-cognito-identity-provider/-/client-cognito-identity-provider-3.352.0.tgz#96cb712b63efd013a9532c5a1710137edebdbc87"
  integrity sha512-FOc/vjUMHzMTp4Cc/oV6nKbtnJclS6IqWr1H4kNrjRQBdgrGJtb0YT8gLtyKF+J323QrTZVus31P/AkjfSmxgA==
  dependencies:
    "@aws-crypto/sha256-browser" "3.0.0"
    "@aws-crypto/sha256-js" "3.0.0"
    "@aws-sdk/client-sts" "3.352.0"
    "@aws-sdk/config-resolver" "3.347.0"
    "@aws-sdk/credential-provider-node" "3.352.0"
    "@aws-sdk/fetch-http-handler" "3.347.0"
    "@aws-sdk/hash-node" "3.347.0"
    "@aws-sdk/invalid-dependency" "3.347.0"
    "@aws-sdk/middleware-content-length" "3.347.0"
    "@aws-sdk/middleware-endpoint" "3.347.0"
    "@aws-sdk/middleware-host-header" "3.347.0"
    "@aws-sdk/middleware-logger" "3.347.0"
    "@aws-sdk/middleware-recursion-detection" "3.347.0"
    "@aws-sdk/middleware-retry" "3.347.0"
    "@aws-sdk/middleware-serde" "3.347.0"
    "@aws-sdk/middleware-signing" "3.347.0"
    "@aws-sdk/middleware-stack" "3.347.0"
    "@aws-sdk/middleware-user-agent" "3.352.0"
    "@aws-sdk/node-config-provider" "3.347.0"
    "@aws-sdk/node-http-handler" "3.350.0"
    "@aws-sdk/smithy-client" "3.347.0"
    "@aws-sdk/types" "3.347.0"
    "@aws-sdk/url-parser" "3.347.0"
    "@aws-sdk/util-base64" "3.310.0"
    "@aws-sdk/util-body-length-browser" "3.310.0"
    "@aws-sdk/util-body-length-node" "3.310.0"
    "@aws-sdk/util-defaults-mode-browser" "3.347.0"
    "@aws-sdk/util-defaults-mode-node" "3.347.0"
    "@aws-sdk/util-endpoints" "3.352.0"
    "@aws-sdk/util-retry" "3.347.0"
    "@aws-sdk/util-user-agent-browser" "3.347.0"
    "@aws-sdk/util-user-agent-node" "3.347.0"
    "@aws-sdk/util-utf8" "3.310.0"
    "@smithy/protocol-http" "^1.0.1"
    "@smithy/types" "^1.0.0"
    tslib "^2.5.0"

"@aws-sdk/client-dynamodb@^3.352.0":
  version "3.352.0"
  resolved "https://registry.yarnpkg.com/@aws-sdk/client-dynamodb/-/client-dynamodb-3.352.0.tgz#3f8b03c8f05bba7443658c7af703867f5c47855f"
  integrity sha512-7p5xeD6djhn84K0xkk/qkRdLoAdEz7yu06h46dUWo/oZnxy2QvhXHa48iRjxegKy4EgnmkwBu1JfV+K6fCdsfA==
  dependencies:
    "@aws-crypto/sha256-browser" "3.0.0"
    "@aws-crypto/sha256-js" "3.0.0"
    "@aws-sdk/client-sts" "3.352.0"
    "@aws-sdk/config-resolver" "3.347.0"
    "@aws-sdk/credential-provider-node" "3.352.0"
    "@aws-sdk/fetch-http-handler" "3.347.0"
    "@aws-sdk/hash-node" "3.347.0"
    "@aws-sdk/invalid-dependency" "3.347.0"
    "@aws-sdk/middleware-content-length" "3.347.0"
    "@aws-sdk/middleware-endpoint" "3.347.0"
    "@aws-sdk/middleware-endpoint-discovery" "3.347.0"
    "@aws-sdk/middleware-host-header" "3.347.0"
    "@aws-sdk/middleware-logger" "3.347.0"
    "@aws-sdk/middleware-recursion-detection" "3.347.0"
    "@aws-sdk/middleware-retry" "3.347.0"
    "@aws-sdk/middleware-serde" "3.347.0"
    "@aws-sdk/middleware-signing" "3.347.0"
    "@aws-sdk/middleware-stack" "3.347.0"
    "@aws-sdk/middleware-user-agent" "3.352.0"
    "@aws-sdk/node-config-provider" "3.347.0"
    "@aws-sdk/node-http-handler" "3.350.0"
    "@aws-sdk/smithy-client" "3.347.0"
    "@aws-sdk/types" "3.347.0"
    "@aws-sdk/url-parser" "3.347.0"
    "@aws-sdk/util-base64" "3.310.0"
    "@aws-sdk/util-body-length-browser" "3.310.0"
    "@aws-sdk/util-body-length-node" "3.310.0"
    "@aws-sdk/util-defaults-mode-browser" "3.347.0"
    "@aws-sdk/util-defaults-mode-node" "3.347.0"
    "@aws-sdk/util-endpoints" "3.352.0"
    "@aws-sdk/util-retry" "3.347.0"
    "@aws-sdk/util-user-agent-browser" "3.347.0"
    "@aws-sdk/util-user-agent-node" "3.347.0"
    "@aws-sdk/util-utf8" "3.310.0"
    "@aws-sdk/util-waiter" "3.347.0"
    "@smithy/protocol-http" "^1.0.1"
    "@smithy/types" "^1.0.0"
    tslib "^2.5.0"
    uuid "^8.3.2"

"@aws-sdk/client-sso-oidc@3.352.0":
  version "3.352.0"
  resolved "https://registry.yarnpkg.com/@aws-sdk/client-sso-oidc/-/client-sso-oidc-3.352.0.tgz#16b543155e835b0337bf294e79723de26a6f5cc5"
  integrity sha512-PQdp0KOr478CaJNohASTgtt03W8Y/qINwsalLNguK01tWIGzellg2N3bA+IdyYXU8Oz3+Ab1oIJMKkUxtuNiGg==
  dependencies:
    "@aws-crypto/sha256-browser" "3.0.0"
    "@aws-crypto/sha256-js" "3.0.0"
    "@aws-sdk/config-resolver" "3.347.0"
    "@aws-sdk/fetch-http-handler" "3.347.0"
    "@aws-sdk/hash-node" "3.347.0"
    "@aws-sdk/invalid-dependency" "3.347.0"
    "@aws-sdk/middleware-content-length" "3.347.0"
    "@aws-sdk/middleware-endpoint" "3.347.0"
    "@aws-sdk/middleware-host-header" "3.347.0"
    "@aws-sdk/middleware-logger" "3.347.0"
    "@aws-sdk/middleware-recursion-detection" "3.347.0"
    "@aws-sdk/middleware-retry" "3.347.0"
    "@aws-sdk/middleware-serde" "3.347.0"
    "@aws-sdk/middleware-stack" "3.347.0"
    "@aws-sdk/middleware-user-agent" "3.352.0"
    "@aws-sdk/node-config-provider" "3.347.0"
    "@aws-sdk/node-http-handler" "3.350.0"
    "@aws-sdk/smithy-client" "3.347.0"
    "@aws-sdk/types" "3.347.0"
    "@aws-sdk/url-parser" "3.347.0"
    "@aws-sdk/util-base64" "3.310.0"
    "@aws-sdk/util-body-length-browser" "3.310.0"
    "@aws-sdk/util-body-length-node" "3.310.0"
    "@aws-sdk/util-defaults-mode-browser" "3.347.0"
    "@aws-sdk/util-defaults-mode-node" "3.347.0"
    "@aws-sdk/util-endpoints" "3.352.0"
    "@aws-sdk/util-retry" "3.347.0"
    "@aws-sdk/util-user-agent-browser" "3.347.0"
    "@aws-sdk/util-user-agent-node" "3.347.0"
    "@aws-sdk/util-utf8" "3.310.0"
    "@smithy/protocol-http" "^1.0.1"
    "@smithy/types" "^1.0.0"
    tslib "^2.5.0"

"@aws-sdk/client-sso@3.352.0":
  version "3.352.0"
  resolved "https://registry.yarnpkg.com/@aws-sdk/client-sso/-/client-sso-3.352.0.tgz#1857cb5f40f44df5ed75bdaaf6b19e90cb256ca5"
  integrity sha512-oeO36rvRvYbUlsgzYtLI2/BPwXdUK4KtYw+OFmirYeONUyX5uYx8kWXD66r3oXViIYMqhyHKN3fhkiFmFcVluQ==
  dependencies:
    "@aws-crypto/sha256-browser" "3.0.0"
    "@aws-crypto/sha256-js" "3.0.0"
    "@aws-sdk/config-resolver" "3.347.0"
    "@aws-sdk/fetch-http-handler" "3.347.0"
    "@aws-sdk/hash-node" "3.347.0"
    "@aws-sdk/invalid-dependency" "3.347.0"
    "@aws-sdk/middleware-content-length" "3.347.0"
    "@aws-sdk/middleware-endpoint" "3.347.0"
    "@aws-sdk/middleware-host-header" "3.347.0"
    "@aws-sdk/middleware-logger" "3.347.0"
    "@aws-sdk/middleware-recursion-detection" "3.347.0"
    "@aws-sdk/middleware-retry" "3.347.0"
    "@aws-sdk/middleware-serde" "3.347.0"
    "@aws-sdk/middleware-stack" "3.347.0"
    "@aws-sdk/middleware-user-agent" "3.352.0"
    "@aws-sdk/node-config-provider" "3.347.0"
    "@aws-sdk/node-http-handler" "3.350.0"
    "@aws-sdk/smithy-client" "3.347.0"
    "@aws-sdk/types" "3.347.0"
    "@aws-sdk/url-parser" "3.347.0"
    "@aws-sdk/util-base64" "3.310.0"
    "@aws-sdk/util-body-length-browser" "3.310.0"
    "@aws-sdk/util-body-length-node" "3.310.0"
    "@aws-sdk/util-defaults-mode-browser" "3.347.0"
    "@aws-sdk/util-defaults-mode-node" "3.347.0"
    "@aws-sdk/util-endpoints" "3.352.0"
    "@aws-sdk/util-retry" "3.347.0"
    "@aws-sdk/util-user-agent-browser" "3.347.0"
    "@aws-sdk/util-user-agent-node" "3.347.0"
    "@aws-sdk/util-utf8" "3.310.0"
    "@smithy/protocol-http" "^1.0.1"
    "@smithy/types" "^1.0.0"
    tslib "^2.5.0"

"@aws-sdk/client-sts@3.352.0":
  version "3.352.0"
  resolved "https://registry.yarnpkg.com/@aws-sdk/client-sts/-/client-sts-3.352.0.tgz#8038f83fdfcbc9c1a15ec7fc7c1163536b30aefc"
  integrity sha512-Lt7uSdwgOrwYx8S6Bhz76ewOeoJNFiPD+Q7v8S/mJK8T7HUE/houjomXC3UnFaJjcecjWv273zEqV67FgP5l5g==
  dependencies:
    "@aws-crypto/sha256-browser" "3.0.0"
    "@aws-crypto/sha256-js" "3.0.0"
    "@aws-sdk/config-resolver" "3.347.0"
    "@aws-sdk/credential-provider-node" "3.352.0"
    "@aws-sdk/fetch-http-handler" "3.347.0"
    "@aws-sdk/hash-node" "3.347.0"
    "@aws-sdk/invalid-dependency" "3.347.0"
    "@aws-sdk/middleware-content-length" "3.347.0"
    "@aws-sdk/middleware-endpoint" "3.347.0"
    "@aws-sdk/middleware-host-header" "3.347.0"
    "@aws-sdk/middleware-logger" "3.347.0"
    "@aws-sdk/middleware-recursion-detection" "3.347.0"
    "@aws-sdk/middleware-retry" "3.347.0"
    "@aws-sdk/middleware-sdk-sts" "3.347.0"
    "@aws-sdk/middleware-serde" "3.347.0"
    "@aws-sdk/middleware-signing" "3.347.0"
    "@aws-sdk/middleware-stack" "3.347.0"
    "@aws-sdk/middleware-user-agent" "3.352.0"
    "@aws-sdk/node-config-provider" "3.347.0"
    "@aws-sdk/node-http-handler" "3.350.0"
    "@aws-sdk/smithy-client" "3.347.0"
    "@aws-sdk/types" "3.347.0"
    "@aws-sdk/url-parser" "3.347.0"
    "@aws-sdk/util-base64" "3.310.0"
    "@aws-sdk/util-body-length-browser" "3.310.0"
    "@aws-sdk/util-body-length-node" "3.310.0"
    "@aws-sdk/util-defaults-mode-browser" "3.347.0"
    "@aws-sdk/util-defaults-mode-node" "3.347.0"
    "@aws-sdk/util-endpoints" "3.352.0"
    "@aws-sdk/util-retry" "3.347.0"
    "@aws-sdk/util-user-agent-browser" "3.347.0"
    "@aws-sdk/util-user-agent-node" "3.347.0"
    "@aws-sdk/util-utf8" "3.310.0"
    "@smithy/protocol-http" "^1.0.1"
    "@smithy/types" "^1.0.0"
    fast-xml-parser "4.2.4"
    tslib "^2.5.0"

"@aws-sdk/config-resolver@3.347.0":
  version "3.347.0"
  resolved "https://registry.yarnpkg.com/@aws-sdk/config-resolver/-/config-resolver-3.347.0.tgz#84bb2cbbe310e7de1168ba3233369204f31d395a"
  integrity sha512-2ja+Sf/VnUO7IQ3nKbDQ5aumYKKJUaTm/BuVJ29wNho8wYHfuf7wHZV0pDTkB8RF5SH7IpHap7zpZAj39Iq+EA==
  dependencies:
    "@aws-sdk/types" "3.347.0"
    "@aws-sdk/util-config-provider" "3.310.0"
    "@aws-sdk/util-middleware" "3.347.0"
    tslib "^2.5.0"

"@aws-sdk/credential-provider-env@3.347.0":
  version "3.347.0"
  resolved "https://registry.yarnpkg.com/@aws-sdk/credential-provider-env/-/credential-provider-env-3.347.0.tgz#fb2013a1f799cca874674cb15680680bb33c088b"
  integrity sha512-UnEM+LKGpXKzw/1WvYEQsC6Wj9PupYZdQOE+e2Dgy2dqk/pVFy4WueRtFXYDT2B41ppv3drdXUuKZRIDVqIgNQ==
  dependencies:
    "@aws-sdk/property-provider" "3.347.0"
    "@aws-sdk/types" "3.347.0"
    tslib "^2.5.0"

"@aws-sdk/credential-provider-imds@3.347.0":
  version "3.347.0"
  resolved "https://registry.yarnpkg.com/@aws-sdk/credential-provider-imds/-/credential-provider-imds-3.347.0.tgz#7b42e2c1143fbec309e9a65c4e8200b056ce028d"
  integrity sha512-7scCy/DCDRLIhlqTxff97LQWDnRwRXji3bxxMg+xWOTTaJe7PWx+etGSbBWaL42vsBHFShQjSLvJryEgoBktpw==
  dependencies:
    "@aws-sdk/node-config-provider" "3.347.0"
    "@aws-sdk/property-provider" "3.347.0"
    "@aws-sdk/types" "3.347.0"
    "@aws-sdk/url-parser" "3.347.0"
    tslib "^2.5.0"

"@aws-sdk/credential-provider-ini@3.352.0":
  version "3.352.0"
  resolved "https://registry.yarnpkg.com/@aws-sdk/credential-provider-ini/-/credential-provider-ini-3.352.0.tgz#8b8576a45fd7d2d7e3702c38910d7a53097ad30d"
  integrity sha512-lnQUJznvOhI2er1u/OVf99/2JIyDH7W+6tfWNXEoVgEi4WXtdyZ+GpPNoZsmCtHB2Jwlsh51IxmYdCj6b6SdwQ==
  dependencies:
    "@aws-sdk/credential-provider-env" "3.347.0"
    "@aws-sdk/credential-provider-imds" "3.347.0"
    "@aws-sdk/credential-provider-process" "3.347.0"
    "@aws-sdk/credential-provider-sso" "3.352.0"
    "@aws-sdk/credential-provider-web-identity" "3.347.0"
    "@aws-sdk/property-provider" "3.347.0"
    "@aws-sdk/shared-ini-file-loader" "3.347.0"
    "@aws-sdk/types" "3.347.0"
    tslib "^2.5.0"

"@aws-sdk/credential-provider-node@3.352.0":
  version "3.352.0"
  resolved "https://registry.yarnpkg.com/@aws-sdk/credential-provider-node/-/credential-provider-node-3.352.0.tgz#fcdd3e54bedcb537bfa252fc4e7f0f60d47fed43"
  integrity sha512-8UZ5EQpoqHCh+XSGq2CdhzHZyKLOwF1taDw5A/gmV4O5lAWL0AGs0cPIEUORJyggU6Hv43zZOpLgK6dMgWOLgA==
  dependencies:
    "@aws-sdk/credential-provider-env" "3.347.0"
    "@aws-sdk/credential-provider-imds" "3.347.0"
    "@aws-sdk/credential-provider-ini" "3.352.0"
    "@aws-sdk/credential-provider-process" "3.347.0"
    "@aws-sdk/credential-provider-sso" "3.352.0"
    "@aws-sdk/credential-provider-web-identity" "3.347.0"
    "@aws-sdk/property-provider" "3.347.0"
    "@aws-sdk/shared-ini-file-loader" "3.347.0"
    "@aws-sdk/types" "3.347.0"
    tslib "^2.5.0"

"@aws-sdk/credential-provider-process@3.347.0":
  version "3.347.0"
  resolved "https://registry.yarnpkg.com/@aws-sdk/credential-provider-process/-/credential-provider-process-3.347.0.tgz#066e82fee54c9fac67c4dc911873e20facdb3471"
  integrity sha512-yl1z4MsaBdXd4GQ2halIvYds23S67kElyOwz7g8kaQ4kHj+UoYWxz3JVW/DGusM6XmQ9/F67utBrUVA0uhQYyw==
  dependencies:
    "@aws-sdk/property-provider" "3.347.0"
    "@aws-sdk/shared-ini-file-loader" "3.347.0"
    "@aws-sdk/types" "3.347.0"
    tslib "^2.5.0"

"@aws-sdk/credential-provider-sso@3.352.0":
  version "3.352.0"
  resolved "https://registry.yarnpkg.com/@aws-sdk/credential-provider-sso/-/credential-provider-sso-3.352.0.tgz#c178111c5a5d250718183c48c476db8e64103799"
  integrity sha512-YiooGNy9LYN1bFqKwO2wHC++1pYReiSqQDWBeluJfC3uZWpCyIUMdeYBR1X3XZDVtK6bl5KmhxldxJ3ntt/Q4w==
  dependencies:
    "@aws-sdk/client-sso" "3.352.0"
    "@aws-sdk/property-provider" "3.347.0"
    "@aws-sdk/shared-ini-file-loader" "3.347.0"
    "@aws-sdk/token-providers" "3.352.0"
    "@aws-sdk/types" "3.347.0"
    tslib "^2.5.0"

"@aws-sdk/credential-provider-web-identity@3.347.0":
  version "3.347.0"
  resolved "https://registry.yarnpkg.com/@aws-sdk/credential-provider-web-identity/-/credential-provider-web-identity-3.347.0.tgz#bb035fc16059ab43386facf8b4d1e8c094450a6d"
  integrity sha512-DxoTlVK8lXjS1zVphtz/Ab+jkN/IZor9d6pP2GjJHNoAIIzXfRwwj5C8vr4eTayx/5VJ7GRP91J8GJ2cKly8Qw==
  dependencies:
    "@aws-sdk/property-provider" "3.347.0"
    "@aws-sdk/types" "3.347.0"
    tslib "^2.5.0"

"@aws-sdk/endpoint-cache@3.310.0":
  version "3.310.0"
  resolved "https://registry.yarnpkg.com/@aws-sdk/endpoint-cache/-/endpoint-cache-3.310.0.tgz#e6f84bfcd55462966811390ef797145559bab15a"
  integrity sha512-y3wipforet41EDTI0vnzxILqwAGll1KfI5qcdX9pXF/WF1f+3frcOtPiWtQEZQpy4czRogKm3BHo70QBYAZxlQ==
  dependencies:
    mnemonist "0.38.3"
    tslib "^2.5.0"

"@aws-sdk/eventstream-codec@3.347.0":
  version "3.347.0"
  resolved "https://registry.yarnpkg.com/@aws-sdk/eventstream-codec/-/eventstream-codec-3.347.0.tgz#4ba2c87a2f6e4bb10a833910a4427d16ceec09f0"
  integrity sha512-61q+SyspjsaQ4sdgjizMyRgVph2CiW4aAtfpoH69EJFJfTxTR/OqnZ9Jx/3YiYi0ksrvDenJddYodfWWJqD8/w==
  dependencies:
    "@aws-crypto/crc32" "3.0.0"
    "@aws-sdk/types" "3.347.0"
    "@aws-sdk/util-hex-encoding" "3.310.0"
    tslib "^2.5.0"

"@aws-sdk/fetch-http-handler@3.347.0":
  version "3.347.0"
  resolved "https://registry.yarnpkg.com/@aws-sdk/fetch-http-handler/-/fetch-http-handler-3.347.0.tgz#e413790ec453bf8f1c0674f718cfdf5ed9b79e20"
  integrity sha512-sQ5P7ivY8//7wdxfA76LT1sF6V2Tyyz1qF6xXf9sihPN5Q1Y65c+SKpMzXyFSPqWZ82+SQQuDliYZouVyS6kQQ==
  dependencies:
    "@aws-sdk/protocol-http" "3.347.0"
    "@aws-sdk/querystring-builder" "3.347.0"
    "@aws-sdk/types" "3.347.0"
    "@aws-sdk/util-base64" "3.310.0"
    tslib "^2.5.0"

"@aws-sdk/hash-node@3.347.0":
  version "3.347.0"
  resolved "https://registry.yarnpkg.com/@aws-sdk/hash-node/-/hash-node-3.347.0.tgz#575b31227306c03b491b814178a72b0b79625ed5"
  integrity sha512-96+ml/4EaUaVpzBdOLGOxdoXOjkPgkoJp/0i1fxOJEvl8wdAQSwc3IugVK9wZkCxy2DlENtgOe6DfIOhfffm/g==
  dependencies:
    "@aws-sdk/types" "3.347.0"
    "@aws-sdk/util-buffer-from" "3.310.0"
    "@aws-sdk/util-utf8" "3.310.0"
    tslib "^2.5.0"

"@aws-sdk/invalid-dependency@3.347.0":
  version "3.347.0"
  resolved "https://registry.yarnpkg.com/@aws-sdk/invalid-dependency/-/invalid-dependency-3.347.0.tgz#2e5994cdd51dc3fe0310ce355e1ab115b66b7cb5"
  integrity sha512-8imQcwLwqZ/wTJXZqzXT9pGLIksTRckhGLZaXT60tiBOPKuerTsus2L59UstLs5LP8TKaVZKFFSsjRIn9dQdmQ==
  dependencies:
    "@aws-sdk/types" "3.347.0"
    tslib "^2.5.0"

"@aws-sdk/is-array-buffer@3.310.0":
  version "3.310.0"
  resolved "https://registry.yarnpkg.com/@aws-sdk/is-array-buffer/-/is-array-buffer-3.310.0.tgz#f87a79f1b858c88744f07e8d8d0a791df204017e"
  integrity sha512-urnbcCR+h9NWUnmOtet/s4ghvzsidFmspfhYaHAmSRdy9yDjdjBJMFjjsn85A1ODUktztm+cVncXjQ38WCMjMQ==
  dependencies:
    tslib "^2.5.0"

"@aws-sdk/middleware-content-length@3.347.0":
  version "3.347.0"
  resolved "https://registry.yarnpkg.com/@aws-sdk/middleware-content-length/-/middleware-content-length-3.347.0.tgz#ee6063ebb0215355b7a7dacd0a3bbe2e1a8d108f"
  integrity sha512-i4qtWTDImMaDUtwKQPbaZpXsReiwiBomM1cWymCU4bhz81HL01oIxOxOBuiM+3NlDoCSPr3KI6txZSz/8cqXCQ==
  dependencies:
    "@aws-sdk/protocol-http" "3.347.0"
    "@aws-sdk/types" "3.347.0"
    tslib "^2.5.0"

"@aws-sdk/middleware-endpoint-discovery@3.347.0":
  version "3.347.0"
  resolved "https://registry.yarnpkg.com/@aws-sdk/middleware-endpoint-discovery/-/middleware-endpoint-discovery-3.347.0.tgz#0d487e1dddaf548c65893563a4a891468e1da6c2"
  integrity sha512-QmsZA2JoOjyoSPEZMb8WW8pD0ljK+/wFDsA1JcS4jJfzM5UOM7dpClBZ7WLI4eBZWGDHrcRMFIDyPF51LjHpug==
  dependencies:
    "@aws-sdk/endpoint-cache" "3.310.0"
    "@aws-sdk/protocol-http" "3.347.0"
    "@aws-sdk/types" "3.347.0"
    tslib "^2.5.0"

"@aws-sdk/middleware-endpoint@3.347.0":
  version "3.347.0"
  resolved "https://registry.yarnpkg.com/@aws-sdk/middleware-endpoint/-/middleware-endpoint-3.347.0.tgz#d577265e79cdc0241d863e2582820010ea942736"
  integrity sha512-unF0c6dMaUL1ffU+37Ugty43DgMnzPWXr/Jup/8GbK5fzzWT5NQq6dj9KHPubMbWeEjQbmczvhv25JuJdK8gNQ==
  dependencies:
    "@aws-sdk/middleware-serde" "3.347.0"
    "@aws-sdk/types" "3.347.0"
    "@aws-sdk/url-parser" "3.347.0"
    "@aws-sdk/util-middleware" "3.347.0"
    tslib "^2.5.0"

"@aws-sdk/middleware-host-header@3.347.0":
  version "3.347.0"
  resolved "https://registry.yarnpkg.com/@aws-sdk/middleware-host-header/-/middleware-host-header-3.347.0.tgz#6166c137044672b2229e6ee0ce8a3e59fd8c49c4"
  integrity sha512-kpKmR9OvMlnReqp5sKcJkozbj1wmlblbVSbnQAIkzeQj2xD5dnVR3Nn2ogQKxSmU1Fv7dEroBtrruJ1o3fY38A==
  dependencies:
    "@aws-sdk/protocol-http" "3.347.0"
    "@aws-sdk/types" "3.347.0"
    tslib "^2.5.0"

"@aws-sdk/middleware-logger@3.347.0":
  version "3.347.0"
  resolved "https://registry.yarnpkg.com/@aws-sdk/middleware-logger/-/middleware-logger-3.347.0.tgz#d75a6bbda38c85200219f4ef88e7696d72f94100"
  integrity sha512-NYC+Id5UCkVn+3P1t/YtmHt75uED06vwaKyxDy0UmB2K66PZLVtwWbLpVWrhbroaw1bvUHYcRyQ9NIfnVcXQjA==
  dependencies:
    "@aws-sdk/types" "3.347.0"
    tslib "^2.5.0"

"@aws-sdk/middleware-recursion-detection@3.347.0":
  version "3.347.0"
  resolved "https://registry.yarnpkg.com/@aws-sdk/middleware-recursion-detection/-/middleware-recursion-detection-3.347.0.tgz#00faf00d9346cb88dafdfddfd33e956ba563bf99"
  integrity sha512-qfnSvkFKCAMjMHR31NdsT0gv5Sq/ZHTUD4yQsSLpbVQ6iYAS834lrzXt41iyEHt57Y514uG7F/Xfvude3u4icQ==
  dependencies:
    "@aws-sdk/protocol-http" "3.347.0"
    "@aws-sdk/types" "3.347.0"
    tslib "^2.5.0"

"@aws-sdk/middleware-retry@3.347.0":
  version "3.347.0"
  resolved "https://registry.yarnpkg.com/@aws-sdk/middleware-retry/-/middleware-retry-3.347.0.tgz#d589f04ed5fc383a0f04deda50dc190fe01a4649"
  integrity sha512-CpdM+8dCSbX96agy4FCzOfzDmhNnGBM/pxrgIVLm5nkYTLuXp/d7ubpFEUHULr+4hCd5wakHotMt7yO29NFaVw==
  dependencies:
    "@aws-sdk/protocol-http" "3.347.0"
    "@aws-sdk/service-error-classification" "3.347.0"
    "@aws-sdk/types" "3.347.0"
    "@aws-sdk/util-middleware" "3.347.0"
    "@aws-sdk/util-retry" "3.347.0"
    tslib "^2.5.0"
    uuid "^8.3.2"

"@aws-sdk/middleware-sdk-sts@3.347.0":
  version "3.347.0"
  resolved "https://registry.yarnpkg.com/@aws-sdk/middleware-sdk-sts/-/middleware-sdk-sts-3.347.0.tgz#903d8263e90af6560d19337de06cd6a2d0564e2f"
  integrity sha512-38LJ0bkIoVF3W97x6Jyyou72YV9Cfbml4OaDEdnrCOo0EssNZM5d7RhjMvQDwww7/3OBY/BzeOcZKfJlkYUXGw==
  dependencies:
    "@aws-sdk/middleware-signing" "3.347.0"
    "@aws-sdk/types" "3.347.0"
    tslib "^2.5.0"

"@aws-sdk/middleware-serde@3.347.0":
  version "3.347.0"
  resolved "https://registry.yarnpkg.com/@aws-sdk/middleware-serde/-/middleware-serde-3.347.0.tgz#f20a63290e16d631a8aa7d9eb331b139bf2531ac"
  integrity sha512-x5Foi7jRbVJXDu9bHfyCbhYDH5pKK+31MmsSJ3k8rY8keXLBxm2XEEg/AIoV9/TUF9EeVvZ7F1/RmMpJnWQsEg==
  dependencies:
    "@aws-sdk/types" "3.347.0"
    tslib "^2.5.0"

"@aws-sdk/middleware-signing@3.347.0":
  version "3.347.0"
  resolved "https://registry.yarnpkg.com/@aws-sdk/middleware-signing/-/middleware-signing-3.347.0.tgz#7db835d84c482ddb93156efac5830d0938352b6d"
  integrity sha512-zVBF/4MGKnvhAE/J+oAL/VAehiyv+trs2dqSQXwHou9j8eA8Vm8HS2NdOwpkZQchIxTuwFlqSusDuPEdYFbvGw==
  dependencies:
    "@aws-sdk/property-provider" "3.347.0"
    "@aws-sdk/protocol-http" "3.347.0"
    "@aws-sdk/signature-v4" "3.347.0"
    "@aws-sdk/types" "3.347.0"
    "@aws-sdk/util-middleware" "3.347.0"
    tslib "^2.5.0"

"@aws-sdk/middleware-stack@3.347.0":
  version "3.347.0"
  resolved "https://registry.yarnpkg.com/@aws-sdk/middleware-stack/-/middleware-stack-3.347.0.tgz#de8f94349273e1b30e19b6e8ace95a7982a24579"
  integrity sha512-Izidg4rqtYMcKuvn2UzgEpPLSmyd8ub9+LQ2oIzG3mpIzCBITq7wp40jN1iNkMg+X6KEnX9vdMJIYZsPYMCYuQ==
  dependencies:
    tslib "^2.5.0"

"@aws-sdk/middleware-user-agent@3.352.0":
  version "3.352.0"
  resolved "https://registry.yarnpkg.com/@aws-sdk/middleware-user-agent/-/middleware-user-agent-3.352.0.tgz#ca32fc2296e9b4565c2878ff44c2756a952f42b4"
  integrity sha512-QGqblMTsVDqeomy22KPm9LUW8PHZXBA2Hjk9Hcw8U1uFS8IKYJrewInG3ae2+9FAcTyug4LFWDf8CRr9YH2B3Q==
  dependencies:
    "@aws-sdk/protocol-http" "3.347.0"
    "@aws-sdk/types" "3.347.0"
    "@aws-sdk/util-endpoints" "3.352.0"
    tslib "^2.5.0"

"@aws-sdk/node-config-provider@3.347.0":
  version "3.347.0"
  resolved "https://registry.yarnpkg.com/@aws-sdk/node-config-provider/-/node-config-provider-3.347.0.tgz#0f155b28fb2053973666b241c68bbebccb770ad1"
  integrity sha512-faU93d3+5uTTUcotGgMXF+sJVFjrKh+ufW+CzYKT4yUHammyaIab/IbTPWy2hIolcEGtuPeVoxXw8TXbkh/tuw==
  dependencies:
    "@aws-sdk/property-provider" "3.347.0"
    "@aws-sdk/shared-ini-file-loader" "3.347.0"
    "@aws-sdk/types" "3.347.0"
    tslib "^2.5.0"

"@aws-sdk/node-http-handler@3.350.0":
  version "3.350.0"
  resolved "https://registry.yarnpkg.com/@aws-sdk/node-http-handler/-/node-http-handler-3.350.0.tgz#c3d3af4e24e7dc823bdb04c73dcae4d12d8a6221"
  integrity sha512-oD96GAlmpzYilCdC8wwyURM5lNfNHZCjm/kxBkQulHKa2kRbIrnD9GfDqdCkWA5cTpjh1NzGLT4D6e6UFDjt9w==
  dependencies:
    "@aws-sdk/abort-controller" "3.347.0"
    "@aws-sdk/protocol-http" "3.347.0"
    "@aws-sdk/querystring-builder" "3.347.0"
    "@aws-sdk/types" "3.347.0"
    tslib "^2.5.0"

"@aws-sdk/property-provider@3.347.0":
  version "3.347.0"
  resolved "https://registry.yarnpkg.com/@aws-sdk/property-provider/-/property-provider-3.347.0.tgz#3bd346a6f52fcb5a53460504dfe65457f293e3d7"
  integrity sha512-t3nJ8CYPLKAF2v9nIHOHOlF0CviQbTvbFc2L4a+A+EVd/rM4PzL3+3n8ZJsr0h7f6uD04+b5YRFgKgnaqLXlEg==
  dependencies:
    "@aws-sdk/types" "3.347.0"
    tslib "^2.5.0"

"@aws-sdk/protocol-http@3.347.0":
  version "3.347.0"
  resolved "https://registry.yarnpkg.com/@aws-sdk/protocol-http/-/protocol-http-3.347.0.tgz#9f61f4e0d892dc0a1e02211963827f386bc447b9"
  integrity sha512-2YdBhc02Wvy03YjhGwUxF0UQgrPWEy8Iq75pfS42N+/0B/+eWX1aQgfjFxIpLg7YSjT5eKtYOQGlYd4MFTgj9g==
  dependencies:
    "@aws-sdk/types" "3.347.0"
    tslib "^2.5.0"

"@aws-sdk/querystring-builder@3.347.0":
  version "3.347.0"
  resolved "https://registry.yarnpkg.com/@aws-sdk/querystring-builder/-/querystring-builder-3.347.0.tgz#9a6bb16441f32fa05c25dc7e57d4692858824574"
  integrity sha512-phtKTe6FXoV02MoPkIVV6owXI8Mwr5IBN3bPoxhcPvJG2AjEmnetSIrhb8kwc4oNhlwfZwH6Jo5ARW/VEWbZtg==
  dependencies:
    "@aws-sdk/types" "3.347.0"
    "@aws-sdk/util-uri-escape" "3.310.0"
    tslib "^2.5.0"

"@aws-sdk/querystring-parser@3.347.0":
  version "3.347.0"
  resolved "https://registry.yarnpkg.com/@aws-sdk/querystring-parser/-/querystring-parser-3.347.0.tgz#c85213a835c0f02580e013d168d1ee2f6fee65a1"
  integrity sha512-5VXOhfZz78T2W7SuXf2avfjKglx1VZgZgp9Zfhrt/Rq+MTu2D+PZc5zmJHhYigD7x83jLSLogpuInQpFMA9LgA==
  dependencies:
    "@aws-sdk/types" "3.347.0"
    tslib "^2.5.0"

"@aws-sdk/service-error-classification@3.347.0":
  version "3.347.0"
  resolved "https://registry.yarnpkg.com/@aws-sdk/service-error-classification/-/service-error-classification-3.347.0.tgz#c5a242d953eae0ff0290c776d93b3f5ebd85d2e2"
  integrity sha512-xZ3MqSY81Oy2gh5g0fCtooAbahqh9VhsF8vcKjVX8+XPbGC8y+kej82+MsMg4gYL8gRFB9u4hgYbNgIS6JTAvg==

"@aws-sdk/shared-ini-file-loader@3.347.0":
  version "3.347.0"
  resolved "https://registry.yarnpkg.com/@aws-sdk/shared-ini-file-loader/-/shared-ini-file-loader-3.347.0.tgz#f44baf03f632f1a2f4188368ff0770852c0ac035"
  integrity sha512-Xw+zAZQVLb+xMNHChXQ29tzzLqm3AEHsD8JJnlkeFjeMnWQtXdUfOARl5s8NzAppcKQNlVe2gPzjaKjoy2jz1Q==
  dependencies:
    "@aws-sdk/types" "3.347.0"
    tslib "^2.5.0"

"@aws-sdk/signature-v4@3.347.0":
  version "3.347.0"
  resolved "https://registry.yarnpkg.com/@aws-sdk/signature-v4/-/signature-v4-3.347.0.tgz#0f5eb4ec260eb0fe2fe5e3ee6cb011076f3582fa"
  integrity sha512-58Uq1do+VsTHYkP11dTK+DF53fguoNNJL9rHRWhzP+OcYv3/mBMLoS2WPz/x9FO5mBg4ESFsug0I6mXbd36tjw==
  dependencies:
    "@aws-sdk/eventstream-codec" "3.347.0"
    "@aws-sdk/is-array-buffer" "3.310.0"
    "@aws-sdk/types" "3.347.0"
    "@aws-sdk/util-hex-encoding" "3.310.0"
    "@aws-sdk/util-middleware" "3.347.0"
    "@aws-sdk/util-uri-escape" "3.310.0"
    "@aws-sdk/util-utf8" "3.310.0"
    tslib "^2.5.0"

"@aws-sdk/smithy-client@3.347.0":
  version "3.347.0"
  resolved "https://registry.yarnpkg.com/@aws-sdk/smithy-client/-/smithy-client-3.347.0.tgz#ec11b292917f6269eecc124dae723ac6e1203f8f"
  integrity sha512-PaGTDsJLGK0sTjA6YdYQzILRlPRN3uVFyqeBUkfltXssvUzkm8z2t1lz2H4VyJLAhwnG5ZuZTNEV/2mcWrU7JQ==
  dependencies:
    "@aws-sdk/middleware-stack" "3.347.0"
    "@aws-sdk/types" "3.347.0"
    tslib "^2.5.0"

"@aws-sdk/token-providers@3.352.0":
  version "3.352.0"
  resolved "https://registry.yarnpkg.com/@aws-sdk/token-providers/-/token-providers-3.352.0.tgz#c7fadb617bbc769824765ad009faedcfa8d34997"
  integrity sha512-cmmAgieLP/aAl9WdPiBoaC0Abd6KncSLig/ElLPoNsADR10l3QgxQcVF3YMtdX0U0d917+/SeE1PdrPD2x15cw==
  dependencies:
    "@aws-sdk/client-sso-oidc" "3.352.0"
    "@aws-sdk/property-provider" "3.347.0"
    "@aws-sdk/shared-ini-file-loader" "3.347.0"
    "@aws-sdk/types" "3.347.0"
    tslib "^2.5.0"

"@aws-sdk/types@3.347.0", "@aws-sdk/types@^3.222.0":
  version "3.347.0"
  resolved "https://registry.yarnpkg.com/@aws-sdk/types/-/types-3.347.0.tgz#4affe91de36ef227f6375d64a6efda8d4ececd5d"
  integrity sha512-GkCMy79mdjU9OTIe5KT58fI/6uqdf8UmMdWqVHmFJ+UpEzOci7L/uw4sOXWo7xpPzLs6cJ7s5ouGZW4GRPmHFA==
  dependencies:
    tslib "^2.5.0"

"@aws-sdk/url-parser@3.347.0":
  version "3.347.0"
  resolved "https://registry.yarnpkg.com/@aws-sdk/url-parser/-/url-parser-3.347.0.tgz#b3c31fc9ffb1ac5586ab088f9b109386e6b4c7a8"
  integrity sha512-lhrnVjxdV7hl+yCnJfDZOaVLSqKjxN20MIOiijRiqaWGLGEAiSqBreMhL89X1WKCifxAs4zZf9YB9SbdziRpAA==
  dependencies:
    "@aws-sdk/querystring-parser" "3.347.0"
    "@aws-sdk/types" "3.347.0"
    tslib "^2.5.0"

"@aws-sdk/util-base64@3.310.0":
  version "3.310.0"
  resolved "https://registry.yarnpkg.com/@aws-sdk/util-base64/-/util-base64-3.310.0.tgz#d0fd49aff358c5a6e771d0001c63b1f97acbe34c"
  integrity sha512-v3+HBKQvqgdzcbL+pFswlx5HQsd9L6ZTlyPVL2LS9nNXnCcR3XgGz9jRskikRUuUvUXtkSG1J88GAOnJ/apTPg==
  dependencies:
    "@aws-sdk/util-buffer-from" "3.310.0"
    tslib "^2.5.0"

"@aws-sdk/util-body-length-browser@3.310.0":
  version "3.310.0"
  resolved "https://registry.yarnpkg.com/@aws-sdk/util-body-length-browser/-/util-body-length-browser-3.310.0.tgz#3fca9d2f73c058edf1907e4a1d99a392fdd23eca"
  integrity sha512-sxsC3lPBGfpHtNTUoGXMQXLwjmR0zVpx0rSvzTPAuoVILVsp5AU/w5FphNPxD5OVIjNbZv9KsKTuvNTiZjDp9g==
  dependencies:
    tslib "^2.5.0"

"@aws-sdk/util-body-length-node@3.310.0":
  version "3.310.0"
  resolved "https://registry.yarnpkg.com/@aws-sdk/util-body-length-node/-/util-body-length-node-3.310.0.tgz#4846ae72834ab0636f29f89fc1878520f6543fed"
  integrity sha512-2tqGXdyKhyA6w4zz7UPoS8Ip+7sayOg9BwHNidiGm2ikbDxm1YrCfYXvCBdwaJxa4hJfRVz+aL9e+d3GqPI9pQ==
  dependencies:
    tslib "^2.5.0"

"@aws-sdk/util-buffer-from@3.310.0":
  version "3.310.0"
  resolved "https://registry.yarnpkg.com/@aws-sdk/util-buffer-from/-/util-buffer-from-3.310.0.tgz#7a72cb965984d3c6a7e256ae6cf1621f52e54a57"
  integrity sha512-i6LVeXFtGih5Zs8enLrt+ExXY92QV25jtEnTKHsmlFqFAuL3VBeod6boeMXkN2p9lbSVVQ1sAOOYZOHYbYkntw==
  dependencies:
    "@aws-sdk/is-array-buffer" "3.310.0"
    tslib "^2.5.0"

"@aws-sdk/util-config-provider@3.310.0":
  version "3.310.0"
  resolved "https://registry.yarnpkg.com/@aws-sdk/util-config-provider/-/util-config-provider-3.310.0.tgz#ff21f73d4774cfd7bd16ae56f905828600dda95f"
  integrity sha512-xIBaYo8dwiojCw8vnUcIL4Z5tyfb1v3yjqyJKJWV/dqKUFOOS0U591plmXbM+M/QkXyML3ypon1f8+BoaDExrg==
  dependencies:
    tslib "^2.5.0"

"@aws-sdk/util-defaults-mode-browser@3.347.0":
  version "3.347.0"
  resolved "https://registry.yarnpkg.com/@aws-sdk/util-defaults-mode-browser/-/util-defaults-mode-browser-3.347.0.tgz#8a32c0a91d074862682aadacd00d2d1e14b186ff"
  integrity sha512-+JHFA4reWnW/nMWwrLKqL2Lm/biw/Dzi/Ix54DAkRZ08C462jMKVnUlzAI+TfxQE3YLm99EIa0G7jiEA+p81Qw==
  dependencies:
    "@aws-sdk/property-provider" "3.347.0"
    "@aws-sdk/types" "3.347.0"
    bowser "^2.11.0"
    tslib "^2.5.0"

"@aws-sdk/util-defaults-mode-node@3.347.0":
  version "3.347.0"
  resolved "https://registry.yarnpkg.com/@aws-sdk/util-defaults-mode-node/-/util-defaults-mode-node-3.347.0.tgz#fbf0f58e79e65d449af225fa2334cbfae5207529"
  integrity sha512-A8BzIVhAAZE5WEukoAN2kYebzTc99ZgncbwOmgCCbvdaYlk5tzguR/s+uoT4G0JgQGol/4hAMuJEl7elNgU6RQ==
  dependencies:
    "@aws-sdk/config-resolver" "3.347.0"
    "@aws-sdk/credential-provider-imds" "3.347.0"
    "@aws-sdk/node-config-provider" "3.347.0"
    "@aws-sdk/property-provider" "3.347.0"
    "@aws-sdk/types" "3.347.0"
    tslib "^2.5.0"

"@aws-sdk/util-dynamodb@^3.352.0":
  version "3.352.0"
  resolved "https://registry.yarnpkg.com/@aws-sdk/util-dynamodb/-/util-dynamodb-3.352.0.tgz#1ec9126a7d4bc793662a2917e014e762fd97866b"
  integrity sha512-kf8eF1YwhFZ/Tx4RT+aCPBT8FlFd2Y+AM04Q6HmWzhn6EtQ7kSVdjOyAOhH4GFgILIT0UTvHpBM2kN1KjBIXiQ==
  dependencies:
    tslib "^2.5.0"

"@aws-sdk/util-endpoints@3.352.0":
  version "3.352.0"
  resolved "https://registry.yarnpkg.com/@aws-sdk/util-endpoints/-/util-endpoints-3.352.0.tgz#89c10e00a257f88fb72c4d3b362fbfbeb00513cf"
  integrity sha512-PjWMPdoIUWfBPgAWLyOrWFbdSS/3DJtc0OmFb/JrE8C8rKFYl+VGW5f1p0cVdRWiDR0xCGr0s67p8itAakVqjw==
  dependencies:
    "@aws-sdk/types" "3.347.0"
    tslib "^2.5.0"

"@aws-sdk/util-hex-encoding@3.310.0":
  version "3.310.0"
  resolved "https://registry.yarnpkg.com/@aws-sdk/util-hex-encoding/-/util-hex-encoding-3.310.0.tgz#19294c78986c90ae33f04491487863dc1d33bd87"
  integrity sha512-sVN7mcCCDSJ67pI1ZMtk84SKGqyix6/0A1Ab163YKn+lFBQRMKexleZzpYzNGxYzmQS6VanP/cfU7NiLQOaSfA==
  dependencies:
    tslib "^2.5.0"

"@aws-sdk/util-locate-window@^3.0.0":
  version "3.310.0"
  resolved "https://registry.yarnpkg.com/@aws-sdk/util-locate-window/-/util-locate-window-3.310.0.tgz#b071baf050301adee89051032bd4139bba32cc40"
  integrity sha512-qo2t/vBTnoXpjKxlsC2e1gBrRm80M3bId27r0BRB2VniSSe7bL1mmzM+/HFtujm0iAxtPM+aLEflLJlJeDPg0w==
  dependencies:
    tslib "^2.5.0"

"@aws-sdk/util-middleware@3.347.0":
  version "3.347.0"
  resolved "https://registry.yarnpkg.com/@aws-sdk/util-middleware/-/util-middleware-3.347.0.tgz#464b2e416486776fa39c926e7f04c2a0d822e8b5"
  integrity sha512-8owqUA3ePufeYTUvlzdJ7Z0miLorTwx+rNol5lourGQZ9JXsVMo23+yGA7nOlFuXSGkoKpMOtn6S0BT2bcfeiw==
  dependencies:
    tslib "^2.5.0"

"@aws-sdk/util-retry@3.347.0":
  version "3.347.0"
  resolved "https://registry.yarnpkg.com/@aws-sdk/util-retry/-/util-retry-3.347.0.tgz#9a24ebcd6c34888eee0ffb81c1529ea51a5cdecc"
  integrity sha512-NxnQA0/FHFxriQAeEgBonA43Q9/VPFQa8cfJDuT2A1YZruMasgjcltoZszi1dvoIRWSZsFTW42eY2gdOd0nffQ==
  dependencies:
    "@aws-sdk/service-error-classification" "3.347.0"
    tslib "^2.5.0"

"@aws-sdk/util-uri-escape@3.310.0":
  version "3.310.0"
  resolved "https://registry.yarnpkg.com/@aws-sdk/util-uri-escape/-/util-uri-escape-3.310.0.tgz#9f942f09a715d8278875013a416295746b6085ba"
  integrity sha512-drzt+aB2qo2LgtDoiy/3sVG8w63cgLkqFIa2NFlGpUgHFWTXkqtbgf4L5QdjRGKWhmZsnqkbtL7vkSWEcYDJ4Q==
  dependencies:
    tslib "^2.5.0"

"@aws-sdk/util-user-agent-browser@3.347.0":
  version "3.347.0"
  resolved "https://registry.yarnpkg.com/@aws-sdk/util-user-agent-browser/-/util-user-agent-browser-3.347.0.tgz#90bedd2031561b9d45aef54991eeca49ec8d950b"
  integrity sha512-ydxtsKVtQefgbk1Dku1q7pMkjDYThauG9/8mQkZUAVik55OUZw71Zzr3XO8J8RKvQG8lmhPXuAQ0FKAyycc0RA==
  dependencies:
    "@aws-sdk/types" "3.347.0"
    bowser "^2.11.0"
    tslib "^2.5.0"

"@aws-sdk/util-user-agent-node@3.347.0":
  version "3.347.0"
  resolved "https://registry.yarnpkg.com/@aws-sdk/util-user-agent-node/-/util-user-agent-node-3.347.0.tgz#a959abaeac35c434890f77dc78cc8bf0c910d85f"
  integrity sha512-6X0b9qGsbD1s80PmbaB6v1/ZtLfSx6fjRX8caM7NN0y/ObuLoX8LhYnW6WlB2f1+xb4EjaCNgpP/zCf98MXosw==
  dependencies:
    "@aws-sdk/node-config-provider" "3.347.0"
    "@aws-sdk/types" "3.347.0"
    tslib "^2.5.0"

"@aws-sdk/util-utf8-browser@^3.0.0":
  version "3.259.0"
  resolved "https://registry.yarnpkg.com/@aws-sdk/util-utf8-browser/-/util-utf8-browser-3.259.0.tgz#3275a6f5eb334f96ca76635b961d3c50259fd9ff"
  integrity sha512-UvFa/vR+e19XookZF8RzFZBrw2EUkQWxiBW0yYQAhvk3C+QVGl0H3ouca8LDBlBfQKXwmW3huo/59H8rwb1wJw==
  dependencies:
    tslib "^2.3.1"

"@aws-sdk/util-utf8@3.310.0":
  version "3.310.0"
  resolved "https://registry.yarnpkg.com/@aws-sdk/util-utf8/-/util-utf8-3.310.0.tgz#4a7b9dcebb88e830d3811aeb21e9a6df4273afb4"
  integrity sha512-DnLfFT8uCO22uOJc0pt0DsSNau1GTisngBCDw8jQuWT5CqogMJu4b/uXmwEqfj8B3GX6Xsz8zOd6JpRlPftQoA==
  dependencies:
    "@aws-sdk/util-buffer-from" "3.310.0"
    tslib "^2.5.0"

"@aws-sdk/util-waiter@3.347.0":
  version "3.347.0"
  resolved "https://registry.yarnpkg.com/@aws-sdk/util-waiter/-/util-waiter-3.347.0.tgz#c1edc4467198ce2dfce1e17e917e1cb7e2e41bbe"
  integrity sha512-3ze/0PkwkzUzLncukx93tZgGL0JX9NaP8DxTi6WzflnL/TEul5Z63PCruRNK0om17iZYAWKrf8q2mFoHYb4grA==
  dependencies:
    "@aws-sdk/abort-controller" "3.347.0"
    "@aws-sdk/types" "3.347.0"
    tslib "^2.5.0"

"@esbuild/android-arm64@0.18.3":
  version "0.18.3"
  resolved "https://registry.yarnpkg.com/@esbuild/android-arm64/-/android-arm64-0.18.3.tgz#c8118069fb69d5057772dc028f84bcff9e9fd908"
  integrity sha512-PgabCsoaEEnnOiF6rUhOBXgYoLFIrHWP6mfLOzuQ1oZ1lwBdTL0hp5ivC4K3Kvz3BD8EipjeQo6l0aty3nr4qQ==

"@esbuild/android-arm@0.18.3":
  version "0.18.3"
  resolved "https://registry.yarnpkg.com/@esbuild/android-arm/-/android-arm-0.18.3.tgz#7904d8326fd7168debfd4a80b9bf867486d4204c"
  integrity sha512-QOn3VIlL6Qv1eHBpQB/s7simaZgGss2ASyxDOwYSLmc6vD0uuizZkuYawHmuLjWEm5wPwp0JQWhbpaYwwGevYw==

"@esbuild/android-x64@0.18.3":
  version "0.18.3"
  resolved "https://registry.yarnpkg.com/@esbuild/android-x64/-/android-x64-0.18.3.tgz#824c4abb0f2ebeeee97a9a992ab7ac002cffc959"
  integrity sha512-1OkJf8wNX1W5ucbp5HrK+z42b9DINb4ix59oJH/PIsh9cyFMqjgRKtCBXg0zEWhkmP1k3egdfrnS7cDTpLH43g==

"@esbuild/darwin-arm64@0.18.3":
  version "0.18.3"
  resolved "https://registry.yarnpkg.com/@esbuild/darwin-arm64/-/darwin-arm64-0.18.3.tgz#958da842603418539d7227f34130698fa34cf76e"
  integrity sha512-57aofORpY7wDAuMs6DeqpmgSnVfZ63RgGbR/BHdOSTqJgYvHDCMY7/o1myFntl3k0YxtLE3WAm56nMf4qy3UDw==

"@esbuild/darwin-x64@0.18.3":
  version "0.18.3"
  resolved "https://registry.yarnpkg.com/@esbuild/darwin-x64/-/darwin-x64-0.18.3.tgz#bdd2f75e6d53b3e47d542e2557a7e636cc4eea3a"
  integrity sha512-NVBqMnxT9qvgu7Z322LUDlwjh4GDk6wEePyAQnHF9noxik/WvLFmr5v3Vgz5LSvqFducLCxsdmLztKhdpFW0Gg==

"@esbuild/freebsd-arm64@0.18.3":
  version "0.18.3"
  resolved "https://registry.yarnpkg.com/@esbuild/freebsd-arm64/-/freebsd-arm64-0.18.3.tgz#155fbdfdfa7b3689a0ce6bec563ede1ec629c5ef"
  integrity sha512-XiLK1AsCk2wKxN7j8h9GXXCs8FPZhp07U0rnpwRkAVSVGgLaIWYSqpTRzKjAfqJiZlp+XKo1HwsmDdICEKB3Dg==

"@esbuild/freebsd-x64@0.18.3":
  version "0.18.3"
  resolved "https://registry.yarnpkg.com/@esbuild/freebsd-x64/-/freebsd-x64-0.18.3.tgz#c1a268389a4e8147b55bad8325521563202fa3b9"
  integrity sha512-xyITfrF0G3l1gwR79hvNCCWKQ/16uK14xNNPFgzjbIqF4EpBvhO6l3jrWxXFUW51z6dVIl2Szh3x3uIbBWzH1Q==

"@esbuild/linux-arm64@0.18.3":
  version "0.18.3"
  resolved "https://registry.yarnpkg.com/@esbuild/linux-arm64/-/linux-arm64-0.18.3.tgz#accaa7cbc56979db18c2c5df15e2280bd3a8ad69"
  integrity sha512-lsKUYVd8L/j2uNs8dhMjMsKC5MHYh77gR9EThu7YCeeFz1XpIkx1I4a7mhoVfPS2VPVD1pMCh+PgxuAHUcEmXw==

"@esbuild/linux-arm@0.18.3":
  version "0.18.3"
  resolved "https://registry.yarnpkg.com/@esbuild/linux-arm/-/linux-arm-0.18.3.tgz#e3c03cfbedd3a59464dacf31f1dbd91f0e637543"
  integrity sha512-fc/T0QHMzvmnlF+kfD6bHLB8u+17gg13260p/E86yYjVoKNFjonL/+Y0GGQjMbFUas9QijqOa7pcR00a9RNkwg==

"@esbuild/linux-ia32@0.18.3":
  version "0.18.3"
  resolved "https://registry.yarnpkg.com/@esbuild/linux-ia32/-/linux-ia32-0.18.3.tgz#b6c8c55be4d472af77c060c31a52121187d52e71"
  integrity sha512-EyfGWeOwRqK5Xj18vok0qv8IFBZ1/+hKV+cqD44oVhGsxHo9TmPtoSiDrWn8Sa2swq/VuO5Aiog6YPDj81oIkA==

"@esbuild/linux-loong64@0.18.3":
  version "0.18.3"
  resolved "https://registry.yarnpkg.com/@esbuild/linux-loong64/-/linux-loong64-0.18.3.tgz#d3152c9cb8d3ff6271fe356ec42c9f5c849572ae"
  integrity sha512-PwXkcl3t0kSeYH5RuJIeh/fHOzKZd+ZdifAWzpVO+9TLWArutTFBJvOSkTZ3CcqQqNrTj1Qyo6nqE8MQj/a7cQ==

"@esbuild/linux-mips64el@0.18.3":
  version "0.18.3"
  resolved "https://registry.yarnpkg.com/@esbuild/linux-mips64el/-/linux-mips64el-0.18.3.tgz#088aa0f909509adb5ea086255f7f654ce8d88074"
  integrity sha512-CRVkkSXf5GQcq7Am2a2tdIn85oqi/bkjuPvhNqcdeTgI0xgNbqLnEPRy2AEGkRuaJWB5uCX1IC4sqnY8ET14Yg==

"@esbuild/linux-ppc64@0.18.3":
  version "0.18.3"
  resolved "https://registry.yarnpkg.com/@esbuild/linux-ppc64/-/linux-ppc64-0.18.3.tgz#3022bc526f53b37fe324d25f4ff8e228e7a48dd7"
  integrity sha512-t7zK1Cheh0xvzfZbimztiE0wGnpV+YRsBg3tefcEBN3O4GzgLu6fFpA5HxEyVm3hHZW1jAC4OhoGEp7C5Ii6Eg==

"@esbuild/linux-riscv64@0.18.3":
  version "0.18.3"
  resolved "https://registry.yarnpkg.com/@esbuild/linux-riscv64/-/linux-riscv64-0.18.3.tgz#4c00374dbe733456d6fff567521463b977ce4a66"
  integrity sha512-fUZPtyCYih6y4lDYdSM4Yoax4nS7aH0/XixJStys+9tfp5cAlIAZhEVKOOdeGXmQn0IEyiUtlIsPnfObbeDQfQ==

"@esbuild/linux-s390x@0.18.3":
  version "0.18.3"
  resolved "https://registry.yarnpkg.com/@esbuild/linux-s390x/-/linux-s390x-0.18.3.tgz#4eeef68a641308abf023b9bd2d7c7e60133394c5"
  integrity sha512-oIcK2LqHWqfMERqjvaKJ3QJmycHn723HsXIv5gH4iGfmePfSj+gi0ZQv2h4bHUg2bs2gJtV0DlIjGhEuvdgxLw==

"@esbuild/linux-x64@0.18.3":
  version "0.18.3"
  resolved "https://registry.yarnpkg.com/@esbuild/linux-x64/-/linux-x64-0.18.3.tgz#5bc57407bcb7626128345f0846f15a6db7263802"
  integrity sha512-RW9lpfZ6XZ6f5to2DJPvt0f/4RXEW229Xf++quVoW+YbnPrcapIJChtD/AmZ8cK3hglO/hXxJjs21pV0/l7L5w==

"@esbuild/netbsd-x64@0.18.3":
  version "0.18.3"
  resolved "https://registry.yarnpkg.com/@esbuild/netbsd-x64/-/netbsd-x64-0.18.3.tgz#878fd523afe75e7352edf6d6f258d7bbf7c5db1a"
  integrity sha512-piZ2oBoaq58pKZvhgdV6PemlL30Uhd9GmmOkIGZYgChwNcyVSSl6iMEJxMzU7x44Lk9q+hJ6a343M/iVEMEvxA==

"@esbuild/openbsd-x64@0.18.3":
  version "0.18.3"
  resolved "https://registry.yarnpkg.com/@esbuild/openbsd-x64/-/openbsd-x64-0.18.3.tgz#6df3068374393713186d14fac66c3228737527e7"
  integrity sha512-vaMfouYTz/4tKdQsXDccqhV6wgPEr+hfuxdNU5Pl/vQxYTsqcXv5DYEa5Z1RAxCoua5aEB+Uj5V7VT/bM92wxw==

"@esbuild/sunos-x64@0.18.3":
  version "0.18.3"
  resolved "https://registry.yarnpkg.com/@esbuild/sunos-x64/-/sunos-x64-0.18.3.tgz#9e85422620b8972f02489ec04329492dd04dae13"
  integrity sha512-Fa3rNQQ9q1qwy9u2cdDvuGKy3jmPnPPMDdyy/qbn5d395Pb9hjLYiPzX9BozXMPJDlCNofSY7jN3miM9gyAdHA==

"@esbuild/win32-arm64@0.18.3":
  version "0.18.3"
  resolved "https://registry.yarnpkg.com/@esbuild/win32-arm64/-/win32-arm64-0.18.3.tgz#21336b42038fffc7dcacb201683701499ce9ecd7"
  integrity sha512-LPJC8ub+9uzyC6ygVmp00dAqet1q1DsZ/OldGIIBt+y+Ctd1OfnKNlzQgXK8nxwY1G8fAhklFSeSRRgAUJnR0w==

"@esbuild/win32-ia32@0.18.3":
  version "0.18.3"
  resolved "https://registry.yarnpkg.com/@esbuild/win32-ia32/-/win32-ia32-0.18.3.tgz#3ca7b08a837512f271308e72e81841154baf4f5b"
  integrity sha512-WtUyRspyxZR6NTc2HG4xd9Wvz8lP4C6OUY1gAqisrf151HvXIxsK0mfAacFJNS7EN2wvPTgjP+SM8vgBOx5+zA==

"@esbuild/win32-x64@0.18.3":
  version "0.18.3"
  resolved "https://registry.yarnpkg.com/@esbuild/win32-x64/-/win32-x64-0.18.3.tgz#735999f2dc838a0a7cf86fb0d45cc8fc941316fb"
  integrity sha512-Z8qCK4BkBm40j5KUM4NrkxYQS0R12cBO1NBVtI4vws6uwh1n/VaNu31Hm+n2cJUWdFbfH57PBghkhm9yLgmPfw==

"@smithy/protocol-http@^1.0.1":
  version "1.0.1"
  resolved "https://registry.yarnpkg.com/@smithy/protocol-http/-/protocol-http-1.0.1.tgz#62fd73d73db285fd8e9a2287ed2904ac66e0d43f"
  integrity sha512-9OrEn0WfOVtBNYJUjUAn9AOiJ4lzERCJJ/JeZs8E6yajTGxBaFRxUnNBHiNqoDJVg076hY36UmEnPx7xXrvUSg==
  dependencies:
    "@smithy/types" "^1.0.0"
    tslib "^2.5.0"

"@smithy/types@^1.0.0":
  version "1.0.0"
  resolved "https://registry.yarnpkg.com/@smithy/types/-/types-1.0.0.tgz#87ab6131fe5e19cbd4d383ffb94d2b806d027d38"
  integrity sha512-kc1m5wPBHQCTixwuaOh9vnak/iJm21DrSf9UK6yDE5S3mQQ4u11pqAUiKWnlrZnYkeLfAI9UEHj9OaMT1v5Umg==
  dependencies:
    tslib "^2.5.0"

"@types/aws-lambda@^8.10.119":
  version "8.10.119"
  resolved "https://registry.yarnpkg.com/@types/aws-lambda/-/aws-lambda-8.10.119.tgz#aaf010a9c892b3e29a290e5c49bfe8bcec82c455"
  integrity sha512-Vqm22aZrCvCd6I5g1SvpW151jfqwTzEZ7XJ3yZ6xaZG31nUEOEyzzVImjRcsN8Wi/QyPxId/x8GTtgIbsy8kEw==

"@types/node@^20.3.1":
  version "20.3.1"
  resolved "https://registry.yarnpkg.com/@types/node/-/node-20.3.1.tgz#e8a83f1aa8b649377bb1fb5d7bac5cb90e784dfe"
  integrity sha512-EhcH/wvidPy1WeML3TtYFGR83UzjxeWRen9V402T8aUGYsCHOmfoisV3ZSg03gAFIbLq8TnWOJ0f4cALtnSEUg==

bowser@^2.11.0:
  version "2.11.0"
  resolved "https://registry.yarnpkg.com/bowser/-/bowser-2.11.0.tgz#5ca3c35757a7aa5771500c70a73a9f91ef420a8f"
  integrity sha512-AlcaJBi/pqqJBIQ8U9Mcpc9i8Aqxn88Skv5d+xBX006BY5u8N3mGLHa5Lgppa7L/HfwgwLgZ6NYs+Ag6uUmJRA==

esbuild@^0.18.3:
  version "0.18.3"
  resolved "https://registry.yarnpkg.com/esbuild/-/esbuild-0.18.3.tgz#a0c480cec5c3ee9808ad0949811687f608ac708d"
  integrity sha512-eadWJC4CRpj93+miO5ZBlvCv+m2x6pzyNBznTvUeLFObMmxs1IMd8cCf6qiDVEZuDL6W8W7u+ZNW3GKEfOdDsA==
  optionalDependencies:
    "@esbuild/android-arm" "0.18.3"
    "@esbuild/android-arm64" "0.18.3"
    "@esbuild/android-x64" "0.18.3"
    "@esbuild/darwin-arm64" "0.18.3"
    "@esbuild/darwin-x64" "0.18.3"
    "@esbuild/freebsd-arm64" "0.18.3"
    "@esbuild/freebsd-x64" "0.18.3"
    "@esbuild/linux-arm" "0.18.3"
    "@esbuild/linux-arm64" "0.18.3"
    "@esbuild/linux-ia32" "0.18.3"
    "@esbuild/linux-loong64" "0.18.3"
    "@esbuild/linux-mips64el" "0.18.3"
    "@esbuild/linux-ppc64" "0.18.3"
    "@esbuild/linux-riscv64" "0.18.3"
    "@esbuild/linux-s390x" "0.18.3"
    "@esbuild/linux-x64" "0.18.3"
    "@esbuild/netbsd-x64" "0.18.3"
    "@esbuild/openbsd-x64" "0.18.3"
    "@esbuild/sunos-x64" "0.18.3"
    "@esbuild/win32-arm64" "0.18.3"
    "@esbuild/win32-ia32" "0.18.3"
    "@esbuild/win32-x64" "0.18.3"

fast-xml-parser@4.2.4:
  version "4.2.4"
  resolved "https://registry.yarnpkg.com/fast-xml-parser/-/fast-xml-parser-4.2.4.tgz#6e846ede1e56ad9e5ef07d8720809edf0ed07e9b"
  integrity sha512-fbfMDvgBNIdDJLdLOwacjFAPYt67tr31H9ZhWSm45CDAxvd0I6WTlSOUo7K2P/K5sA5JgMKG64PI3DMcaFdWpQ==
  dependencies:
    strnum "^1.0.5"

mnemonist@0.38.3:
  version "0.38.3"
  resolved "https://registry.yarnpkg.com/mnemonist/-/mnemonist-0.38.3.tgz#35ec79c1c1f4357cfda2fe264659c2775ccd7d9d"
  integrity sha512-2K9QYubXx/NAjv4VLq1d1Ly8pWNC5L3BrixtdkyTegXWJIqY+zLNDhhX/A+ZwWt70tB1S8H4BE8FLYEFyNoOBw==
  dependencies:
    obliterator "^1.6.1"

obliterator@^1.6.1:
  version "1.6.1"
  resolved "https://registry.yarnpkg.com/obliterator/-/obliterator-1.6.1.tgz#dea03e8ab821f6c4d96a299e17aef6a3af994ef3"
  integrity sha512-9WXswnqINnnhOG/5SLimUlzuU1hFJUc8zkwyD59Sd+dPOMf05PmnYG/d6Q7HZ+KmgkZJa1PxRso6QdM3sTNHig==

strnum@^1.0.5:
  version "1.0.5"
  resolved "https://registry.yarnpkg.com/strnum/-/strnum-1.0.5.tgz#5c4e829fe15ad4ff0d20c3db5ac97b73c9b072db"
  integrity sha512-J8bbNyKKXl5qYcR36TIO8W3mVGVHrmmxsd5PAItGkmyzwJvybiw2IVq5nqd0i4LSNSkB/sx9VHllbfFdr9k1JA==

tslib@^1.11.1:
  version "1.14.1"
  resolved "https://registry.yarnpkg.com/tslib/-/tslib-1.14.1.tgz#cf2d38bdc34a134bcaf1091c41f6619e2f672d00"
  integrity sha512-Xni35NKzjgMrwevysHTCArtLDpPvye8zV/0E4EyYn43P7/7qvQwPh9BGkHewbMulVntbigmcT7rdX3BNo9wRJg==

tslib@^2.3.1, tslib@^2.5.0:
  version "2.5.3"
  resolved "https://registry.yarnpkg.com/tslib/-/tslib-2.5.3.tgz#24944ba2d990940e6e982c4bea147aba80209913"
  integrity sha512-mSxlJJwl3BMEQCUNnxXBU9jP4JBktcEGhURcPR6VQVlnP0FdDEsIaz0C35dXNGLyRfrATNofF0F5p2KPxQgB+w==

typescript@^5.1.3:
  version "5.1.3"
  resolved "https://registry.yarnpkg.com/typescript/-/typescript-5.1.3.tgz#8d84219244a6b40b6fb2b33cc1c062f715b9e826"
  integrity sha512-XH627E9vkeqhlZFQuL+UsyAXEnibT0kWR2FWONlr4sTjvxyJYnyefgrkyECLzM5NenmKzRAy2rR/OlYLA1HkZw==

uuid@^8.3.2:
  version "8.3.2"
  resolved "https://registry.yarnpkg.com/uuid/-/uuid-8.3.2.tgz#80d5b5ced271bb9af6c445f21a1a04c606cefbe2"
  integrity sha512-+NYs2QeMWy+GWFOEm9xnn6HCDp0l7QBD7ml8zLUmJ+93Q5NF0NocErnwkTkXVFNiX3/fpC6afS8Dhb/gz7R7eg==
